Microsoft Visual Studio Solution File, Format Version 12.00
Project("{c5fac20b-402a-40e2-a40d-0138946e3e15}") = "iaSQLConsoleApp", "..\packages\iaSQLConsoleApp\Files\iaSQLConsoleApp.csproj", "{c48b7c45-2e4f-4ba9-a006-6569f5028d8b}"
EndProject
Global
	GlobalSection(SolutionConfigurationPlatforms) = preSolution
		Debug|Any CPU = Debug|Any CPU
		Release|Any CPU = Release|Any CPU
	EndGlobalSection
	GlobalSection(ProjectConfigurationPlatforms) = postSolution
			{c48b7c45-2e4f-4ba9-a006-6569f5028d8b}.Debug|Any CPU.ActiveCfg = Debug|Any CPU
			{c48b7c45-2e4f-4ba9-a006-6569f5028d8b}.Debug|Any CPU.Build.0 = Debug|Any CPU
			{c48b7c45-2e4f-4ba9-a006-6569f5028d8b}.Release|Any CPU.ActiveCfg = Release|Any CPU
			{c48b7c45-2e4f-4ba9-a006-6569f5028d8b}.Release|Any CPU.Build.0 = Release|Any CPU
	EndGlobalSection
EndGlobal
